
Microsoft Visual Studio Solution File, Format Version 12.00
# Visual Studio Version 17
VisualStudioVersion = 17.9.34728.123
MinimumVisualStudioVersion = 10.0.40219.1
Project("{9A19103F-16F7-4668-BE54-9A1E7A4F7556}") = "CsArena", "CsArena\src\CsArena\CsArena.csproj", "{FD6B3817-B8A5-4213-B4F0-61F4E1F85533}"
EndProject
Project("{9A19103F-16F7-4668-BE54-9A1E7A4F7556}") = "CsArena.Tests", "CsArena\test\CsArena.Tests\CsArena.Tests.csproj", "{32848CE0-1143-4127-8781-C27496BA9AB3}"
EndProject
Project("{9A19103F-16F7-4668-BE54-9A1E7A4F7556}") = "LinqArena", "LinqArena\LinqArena.csproj", "{52E2ADC3-4CD1-4CE9-B78B-453CAD32B88C}"
EndProject
Project("{9A19103F-16F7-4668-BE54-9A1E7A4F7556}") = "CollectionArena", "CollectionArena\CollectionArena.csproj", "{AEEF85B2-469A-4547-98DF-870632F3D7A0}"
EndProject
Global
	GlobalSection(SolutionConfigurationPlatforms) = preSolution
		Debug|Any CPU = Debug|Any CPU
		Release|Any CPU = Release|Any CPU
	EndGlobalSection
	GlobalSection(ProjectConfigurationPlatforms) = postSolution
		{FD6B3817-B8A5-4213-B4F0-61F4E1F85533}.Debug|Any CPU.ActiveCfg = Debug|Any CPU
		{FD6B3817-B8A5-4213-B4F0-61F4E1F85533}.Debug|Any CPU.Build.0 = Debug|Any CPU
		{FD6B3817-B8A5-4213-B4F0-61F4E1F85533}.Release|Any CPU.ActiveCfg = Release|Any CPU
		{FD6B3817-B8A5-4213-B4F0-61F4E1F85533}.Release|Any CPU.Build.0 = Release|Any CPU
		{32848CE0-1143-4127-8781-C27496BA9AB3}.Debug|Any CPU.ActiveCfg = Debug|Any CPU
		{32848CE0-1143-4127-8781-C27496BA9AB3}.Debug|Any CPU.Build.0 = Debug|Any CPU
		{32848CE0-1143-4127-8781-C27496BA9AB3}.Release|Any CPU.ActiveCfg = Release|Any CPU
		{32848CE0-1143-4127-8781-C27496BA9AB3}.Release|Any CPU.Build.0 = Release|Any CPU
		{52E2ADC3-4CD1-4CE9-B78B-453CAD32B88C}.Debug|Any CPU.ActiveCfg = Debug|Any CPU
		{52E2ADC3-4CD1-4CE9-B78B-453CAD32B88C}.Debug|Any CPU.Build.0 = Debug|Any CPU
		{52E2ADC3-4CD1-4CE9-B78B-453CAD32B88C}.Release|Any CPU.ActiveCfg = Release|Any CPU
		{52E2ADC3-4CD1-4CE9-B78B-453CAD32B88C}.Release|Any CPU.Build.0 = Release|Any CPU
		{AEEF85B2-469A-4547-98DF-870632F3D7A0}.Debug|Any CPU.ActiveCfg = Debug|Any CPU
		{AEEF85B2-469A-4547-98DF-870632F3D7A0}.Debug|Any CPU.Build.0 = Debug|Any CPU
		{AEEF85B2-469A-4547-98DF-870632F3D7A0}.Release|Any CPU.ActiveCfg = Release|Any CPU
		{AEEF85B2-469A-4547-98DF-870632F3D7A0}.Release|Any CPU.Build.0 = Release|Any CPU
	EndGlobalSection
	GlobalSection(SolutionProperties) = preSolution
		HideSolutionNode = FALSE
	EndGlobalSection
	GlobalSection(ExtensibilityGlobals) = postSolution
		SolutionGuid = {9A5AB27F-A4A5-4066-81D2-70CD52EFEA88}
	EndGlobalSection
EndGlobal
